
Microsoft Visual Studio Solution File, Format Version 12.00
# Visual Studio Version 16
VisualStudioVersion = 16.0.33328.57
MinimumVisualStudioVersion = 10.0.40219.1
Project("{8BC9CEB8-8B4A-11D0-8D11-00A0C91BC942}") = "OOP_HW_03_04", "OOP_HW_03_04\OOP_HW_03_04.vcxproj", "{1BFFA5F7-028C-4FCC-94A6-AB7553E3A794}"
EndProject
Global
	GlobalSection(SolutionConfigurationPlatforms) = preSolution
		Debug|x64 = Debug|x64
		Debug|x86 = Debug|x86
		Release|x64 = Release|x64
		Release|x86 = Release|x86
	EndGlobalSection
	GlobalSection(ProjectConfigurationPlatforms) = postSolution
		{1BFFA5F7-028C-4FCC-94A6-AB7553E3A794}.Debug|x64.ActiveCfg = Debug|x64
		{1BFFA5F7-028C-4FCC-94A6-AB7553E3A794}.Debug|x64.Build.0 = Debug|x64
		{1BFFA5F7-028C-4FCC-94A6-AB7553E3A794}.Debug|x86.ActiveCfg = Debug|Win32
		{1BFFA5F7-028C-4FCC-94A6-AB7553E3A794}.Debug|x86.Build.0 = Debug|Win32
		{1BFFA5F7-028C-4FCC-94A6-AB7553E3A794}.Release|x64.ActiveCfg = Release|x64
		{1BFFA5F7-028C-4FCC-94A6-AB7553E3A794}.Release|x64.Build.0 = Release|x64
		{1BFFA5F7-028C-4FCC-94A6-AB7553E3A794}.Release|x86.ActiveCfg = Release|Win32
		{1BFFA5F7-028C-4FCC-94A6-AB7553E3A794}.Release|x86.Build.0 = Release|Win32
	EndGlobalSection
	GlobalSection(SolutionProperties) = preSolution
		HideSolutionNode = FALSE
	EndGlobalSection
	GlobalSection(ExtensibilityGlobals) = postSolution
		SolutionGuid = {E298BCEF-2804-4464-ABB4-15537F21E145}
	EndGlobalSection
EndGlobal
